
Microsoft Visual Studio Solution File, Format Version 12.00
# Visual Studio Version 16
VisualStudioVersion = 16.0.29728.190
MinimumVisualStudioVersion = 10.0.40219.1
Project("{FAE04EC0-301F-11D3-BF4B-00C04F79EFBC}") = "Binder", "Binder\Binder.csproj", "{A5CDB13A-E2CA-44E3-8B70-FDA3B3BB81F3}"
EndProject
Project("{FAE04EC0-301F-11D3-BF4B-00C04F79EFBC}") = "ScriptsLibrary", "ScriptsLibrary\ScriptsLibrary.csproj", "{AF973A02-3295-405B-B733-029F03A77EA5}"
EndProject
Project("{FAE04EC0-301F-11D3-BF4B-00C04F79EFBC}") = "Restarter", "Restarter\Restarter.csproj", "{A2013943-13DD-43D4-BDE1-EBDDE8A20F47}"
EndProject
Global
	GlobalSection(SolutionConfigurationPlatforms) = preSolution
		Debug|Any CPU = Debug|Any CPU
		Release|Any CPU = Release|Any CPU
	EndGlobalSection
	GlobalSection(ProjectConfigurationPlatforms) = postSolution
		{A5CDB13A-E2CA-44E3-8B70-FDA3B3BB81F3}.Debug|Any CPU.ActiveCfg = Debug|Any CPU
		{A5CDB13A-E2CA-44E3-8B70-FDA3B3BB81F3}.Debug|Any CPU.Build.0 = Debug|Any CPU
		{A5CDB13A-E2CA-44E3-8B70-FDA3B3BB81F3}.Release|Any CPU.ActiveCfg = Release|Any CPU
		{A5CDB13A-E2CA-44E3-8B70-FDA3B3BB81F3}.Release|Any CPU.Build.0 = Release|Any CPU
		{AF973A02-3295-405B-B733-029F03A77EA5}.Debug|Any CPU.ActiveCfg = Debug|Any CPU
		{AF973A02-3295-405B-B733-029F03A77EA5}.Debug|Any CPU.Build.0 = Debug|Any CPU
		{AF973A02-3295-405B-B733-029F03A77EA5}.Release|Any CPU.ActiveCfg = Release|Any CPU
		{AF973A02-3295-405B-B733-029F03A77EA5}.Release|Any CPU.Build.0 = Release|Any CPU
		{A2013943-13DD-43D4-BDE1-EBDDE8A20F47}.Debug|Any CPU.ActiveCfg = Debug|Any CPU
		{A2013943-13DD-43D4-BDE1-EBDDE8A20F47}.Debug|Any CPU.Build.0 = Debug|Any CPU
		{A2013943-13DD-43D4-BDE1-EBDDE8A20F47}.Release|Any CPU.ActiveCfg = Release|Any CPU
		{A2013943-13DD-43D4-BDE1-EBDDE8A20F47}.Release|Any CPU.Build.0 = Release|Any CPU
	EndGlobalSection
	GlobalSection(SolutionProperties) = preSolution
		HideSolutionNode = FALSE
	EndGlobalSection
	GlobalSection(ExtensibilityGlobals) = postSolution
		SolutionGuid = {D5E728FB-3B5F-43B4-A9CE-98EAABC687FF}
	EndGlobalSection
EndGlobal
